
Microsoft Visual Studio Solution File, Format Version 12.00
# Visual Studio Version 16
VisualStudioVersion = 16.0.29409.12
MinimumVisualStudioVersion = 10.0.40219.1
Project("{FAE04EC0-301F-11D3-BF4B-00C04F79EFBC}") = "app", "app\app.csproj", "{261F1C8F-B4B7-4C40-BF89-09AA87597DEA}"
EndProject
Global
	GlobalSection(SolutionConfigurationPlatforms) = preSolution
		Debug|Any CPU = Debug|Any CPU
		Release|Any CPU = Release|Any CPU
	EndGlobalSection
	GlobalSection(ProjectConfigurationPlatforms) = postSolution
		{261F1C8F-B4B7-4C40-BF89-09AA87597DEA}.Debug|Any CPU.ActiveCfg = Debug|Any CPU
		{261F1C8F-B4B7-4C40-BF89-09AA87597DEA}.Debug|Any CPU.Build.0 = Debug|Any CPU
		{261F1C8F-B4B7-4C40-BF89-09AA87597DEA}.Release|Any CPU.ActiveCfg = Release|Any CPU
		{261F1C8F-B4B7-4C40-BF89-09AA87597DEA}.Release|Any CPU.Build.0 = Release|Any CPU
	EndGlobalSection
	GlobalSection(SolutionProperties) = preSolution
		HideSolutionNode = FALSE
	EndGlobalSection
	GlobalSection(ExtensibilityGlobals) = postSolution
		SolutionGuid = {BD9384ED-C541-4B58-8DE5-21C23F9DB5E6}
	EndGlobalSection
EndGlobal
